{
  "nodes": {
    "flake-compat": {
      "flake": false,
      "locked": {
        "lastModified": 1668681692,
        "narHash": "sha256-Ht91NGdewz8IQLtWZ9LCeNXMSXHUss+9COoqu6JLmXU=",
        "owner": "edolstra",
        "repo": "flake-compat",
        "rev": "009399224d5e398d03b22badca40a37ac85412a1",
        "type": "github"
      },
      "original": {
        "owner": "edolstra",
        "repo": "flake-compat",
        "type": "github"
      }
    },
    "hedronSrc": {
      "flake": false,
      "locked": {
        "lastModified": 1669821785,
        "narHash": "sha256-QuK/x9E2JfXNOXFU2zhFJ0EgHUTc92yotZFtEgiHpnk=",
        "owner": "cyberus-technology",
        "repo": "hedron",
        "rev": "645322b81534e6d389cb1876d6631d079c42a9d6",
        "type": "github"
      },
      "original": {
        "owner": "cyberus-technology",
        "repo": "hedron",
        "type": "github"
      }
    },
    "nixpkgs": {
      "locked": {
        "lastModified": 1669834992,
        "narHash": "sha256-YnhZGHgb4C3Q7DSGisO/stc50jFb9F/MzHeKS4giotg=",
        "owner": "NixOS",
        "repo": "nixpkgs",
        "rev": "596a8e828c5dfa504f91918d0fa4152db3ab5502",
        "type": "github"
      },
      "original": {
        "owner": "NixOS",
        "ref": "nixos-22.11",
        "repo": "nixpkgs",
        "type": "github"
      }
    },
    "root": {
      "inputs": {
        "flake-compat": "flake-compat",
        "hedronSrc": "hedronSrc",
        "nixpkgs": "nixpkgs"
      }
    }
  },
  "root": "root",
  "version": 7
}
