{
  "nodes": {
    "flake-compat": {
      "flake": false,
      "locked": {
        "lastModified": 1668681692,
        "narHash": "sha256-Ht91NGdewz8IQLtWZ9LCeNXMSXHUss+9COoqu6JLmXU=",
        "owner": "edolstra",
        "repo": "flake-compat",
        "rev": "009399224d5e398d03b22badca40a37ac85412a1",
        "type": "github"
      },
      "original": {
        "owner": "edolstra",
        "repo": "flake-compat",
        "type": "github"
      }
    },
    "flake-parts": {
      "inputs": {
        "nixpkgs-lib": "nixpkgs-lib"
      },
      "locked": {
        "lastModified": 1672877861,
        "narHash": "sha256-ROnSmsk5grROL6gnHBnSdqlPPBrBJMApCeB7xzY567M=",
        "owner": "hercules-ci",
        "repo": "flake-parts",
        "rev": "7930f5b1c356270cec420d4f4cb43f4907206640",
        "type": "github"
      },
      "original": {
        "owner": "hercules-ci",
        "repo": "flake-parts",
        "type": "github"
      }
    },
    "flake-utils": {
      "locked": {
        "lastModified": 1667077288,
        "narHash": "sha256-bdC8sFNDpT0HK74u9fUkpbf1MEzVYJ+ka7NXCdgBoaA=",
        "owner": "numtide",
        "repo": "flake-utils",
        "rev": "6ee9ebb6b1ee695d2cacc4faa053a7b9baa76817",
        "type": "github"
      },
      "original": {
        "owner": "numtide",
        "repo": "flake-utils",
        "type": "github"
      }
    },
    "hedronSrc": {
      "flake": false,
      "locked": {
        "lastModified": 1672838892,
        "narHash": "sha256-S6oueLjw99i/uRoOYwc/9zV7RhVMOQI/FuTu7+8qmaM=",
        "owner": "cyberus-technology",
        "repo": "hedron",
        "rev": "e8a70e901e776d9f674a404f15cef4b149b85bb3",
        "type": "github"
      },
      "original": {
        "owner": "cyberus-technology",
        "repo": "hedron",
        "type": "github"
      }
    },
    "nixpkgs": {
      "locked": {
        "lastModified": 1672844754,
        "narHash": "sha256-o26WabuHABQsaHxxmIrR3AQRqDFUEdLckLXkVCpIjSU=",
        "owner": "NixOS",
        "repo": "nixpkgs",
        "rev": "e9ade2c8240e00a4784fac282a502efff2786bdc",
        "type": "github"
      },
      "original": {
        "owner": "NixOS",
        "ref": "nixos-22.11",
        "repo": "nixpkgs",
        "type": "github"
      }
    },
    "nixpkgs-lib": {
      "locked": {
        "dir": "lib",
        "lastModified": 1672350804,
        "narHash": "sha256-jo6zkiCabUBn3ObuKXHGqqORUMH27gYDIFFfLq5P4wg=",
        "owner": "NixOS",
        "repo": "nixpkgs",
        "rev": "677ed08a50931e38382dbef01cba08a8f7eac8f6",
        "type": "github"
      },
      "original": {
        "dir": "lib",
        "owner": "NixOS",
        "ref": "nixos-unstable",
        "repo": "nixpkgs",
        "type": "github"
      }
    },
    "pre-commit-hooks-nix": {
      "inputs": {
        "flake-utils": "flake-utils",
        "nixpkgs": [
          "nixpkgs"
        ]
      },
      "locked": {
        "lastModified": 1667612001,
        "narHash": "sha256-bnXYCDzkviKNeYwnh3YW2HpgSgUMnSGVsTtHNLXBXfE=",
        "owner": "hercules-ci",
        "repo": "pre-commit-hooks.nix",
        "rev": "1ee64b852871d790a49f0b8e17b788f5eeb2d52a",
        "type": "github"
      },
      "original": {
        "owner": "hercules-ci",
        "ref": "flakeModule",
        "repo": "pre-commit-hooks.nix",
        "type": "github"
      }
    },
    "root": {
      "inputs": {
        "flake-compat": "flake-compat",
        "flake-parts": "flake-parts",
        "hedronSrc": "hedronSrc",
        "nixpkgs": "nixpkgs",
        "pre-commit-hooks-nix": "pre-commit-hooks-nix"
      }
    }
  },
  "root": "root",
  "version": 7
}
